{
  "originHash" : "be552bbcd2502ae6b4482df0d4c1d8ef4e5dae7081c7e96fa228793c10612d56",
  "pins" : [
    {
      "identity" : "gauntlet-ios",
      "kind" : "remoteSourceControl",
      "location" : "https://github.com/krogerco/Gauntlet-iOS.git",
      "state" : {
        "revision" : "028896ab3b1ed89b185e890e67cd4635496acb1e",
        "version" : "2.2.0"
      }
    }
  ],
  "version" : 3
}
